// !$*UTF8*$!
{
	archiveVersion = 1;
	classes = {
	};
	objectVersion = 46;
	objects = {

/* Begin PBXBuildFile section */
		4FAB0CC52360E144004C27C6 /* UDPViewController.swift in Sources */ = {isa = PBXBuildFile; fileRef = 4FAB0CBD2360E144004C27C6 /* UDPViewController.swift */; };
		4FAB0CC72360E144004C27C6 /* Config.swift in Sources */ = {isa = PBXBuildFile; fileRef = 4FAB0CBF2360E144004C27C6 /* Config.swift */; };
		4FAB0CC92360E144004C27C6 /* UDPBroadcastConnectionError.swift in Sources */ = {isa = PBXBuildFile; fileRef = 4FAB0CC22360E144004C27C6 /* UDPBroadcastConnectionError.swift */; };
		4FAB0CCA2360E144004C27C6 /* UDPBroadcastConnection.swift in Sources */ = {isa = PBXBuildFile; fileRef = 4FAB0CC42360E144004C27C6 /* UDPBroadcastConnection.swift */; };
		4FAB0CCF2360E165004C27C6 /* UDPBroadcastConnectionError.swift in Sources */ = {isa = PBXBuildFile; fileRef = 4FAB0CCC2360E165004C27C6 /* UDPBroadcastConnectionError.swift */; };
		4FAB0CD02360E165004C27C6 /* UDPBroadcastConnection.swift in Sources */ = {isa = PBXBuildFile; fileRef = 4FAB0CCE2360E165004C27C6 /* UDPBroadcastConnection.swift */; };
		4FAB0CD22360E757004C27C6 /* Main_UDP.storyboard in Resources */ = {isa = PBXBuildFile; fileRef = 4FAB0CD12360E757004C27C6 /* Main_UDP.storyboard */; };
		4FE869F223534CBB005A406D /* BTManager.swift in Sources */ = {isa = PBXBuildFile; fileRef = 4FE869F123534CBB005A406D /* BTManager.swift */; };
		4FE869F623534D14005A406D /* BTDevice.swift in Sources */ = {isa = PBXBuildFile; fileRef = 4FE869F523534D14005A406D /* BTDevice.swift */; };
		4FE869F923534D34005A406D /* BTUUIDs.swift in Sources */ = {isa = PBXBuildFile; fileRef = 4FE869F723534D34005A406D /* BTUUIDs.swift */; };
		4FE869FA23534D34005A406D /* BTUtils.swift in Sources */ = {isa = PBXBuildFile; fileRef = 4FE869F823534D34005A406D /* BTUtils.swift */; };
		EF140AE122C3E76C0079D5FD /* Main.storyboard in Resources */ = {isa = PBXBuildFile; fileRef = EF140AE322C3E76C0079D5FD /* Main.storyboard */; };
		EF7009141C3ED07100E75ECF /* AppDelegate.swift in Sources */ = {isa = PBXBuildFile; fileRef = EF7009131C3ED07100E75ECF /* AppDelegate.swift */; };
		EF7009161C3ED07100E75ECF /* SpectralViewController.swift in Sources */ = {isa = PBXBuildFile; fileRef = EF7009151C3ED07100E75ECF /* SpectralViewController.swift */; };
		EF70091B1C3ED07100E75ECF /* Assets.xcassets in Resources */ = {isa = PBXBuildFile; fileRef = EF70091A1C3ED07100E75ECF /* Assets.xcassets */; };
		EF70091E1C3ED07100E75ECF /* LaunchScreen.storyboard in Resources */ = {isa = PBXBuildFile; fileRef = EF70091C1C3ED07100E75ECF /* LaunchScreen.storyboard */; };
		EF70092A1C3EDFB900E75ECF /* TempiAudioInput.swift in Sources */ = {isa = PBXBuildFile; fileRef = EF7009291C3EDFB900E75ECF /* TempiAudioInput.swift */; };
		EF7916BE1C50AA9700658A2C /* SpectralView.swift in Sources */ = {isa = PBXBuildFile; fileRef = EF7916BD1C50AA9700658A2C /* SpectralView.swift */; };
		EFAC3F461C406DC5002CD63F /* TempiUtilities.swift in Sources */ = {isa = PBXBuildFile; fileRef = EFAC3F451C406DC5002CD63F /* TempiUtilities.swift */; };
		EFAC3F481C45C719002CD63F /* TempiFFT.swift in Sources */ = {isa = PBXBuildFile; fileRef = EFAC3F471C45C719002CD63F /* TempiFFT.swift */; };
		EFAC3F4E1C4D7B76002CD63F /* TempiDebug.swift in Sources */ = {isa = PBXBuildFile; fileRef = EFAC3F4D1C4D7B76002CD63F /* TempiDebug.swift */; };
		FE6379AF2354A0F9008AE659 /* FirstScreenVC.swift in Sources */ = {isa = PBXBuildFile; fileRef = FE6379AE2354A0F9008AE659 /* FirstScreenVC.swift */; };
		FE892D892355AA8E00518D56 /* DeviceVC.swift in Sources */ = {isa = PBXBuildFile; fileRef = FE892D872355AA8E00518D56 /* DeviceVC.swift */; };
		FE892D8A2355AA8E00518D56 /* NearbyDevicesVC.swift in Sources */ = {isa = PBXBuildFile; fileRef = FE892D882355AA8E00518D56 /* NearbyDevicesVC.swift */; };
		FE892D8C2355AA9D00518D56 /* Main_Bluetooth.storyboard in Resources */ = {isa = PBXBuildFile; fileRef = FE892D8B2355AA9D00518D56 /* Main_Bluetooth.storyboard */; };
		FE892D8E2355DAD400518D56 /* Constant.swift in Sources */ = {isa = PBXBuildFile; fileRef = FE892D8D2355DAD400518D56 /* Constant.swift */; };
/* End PBXBuildFile section */

/* Begin PBXFileReference section */
		4FAB0CBD2360E144004C27C6 /* UDPViewController.swift */ = {isa = PBXFileReference; fileEncoding = 4; lastKnownFileType = sourcecode.swift; path = UDPViewController.swift; sourceTree = "<group>"; };
		4FAB0CBF2360E144004C27C6 /* Config.swift */ = {isa = PBXFileReference; fileEncoding = 4; lastKnownFileType = sourcecode.swift; path = Config.swift; sourceTree = "<group>"; };
		4FAB0CC22360E144004C27C6 /* UDPBroadcastConnectionError.swift */ = {isa = PBXFileReference; fileEncoding = 4; lastKnownFileType = sourcecode.swift; path = UDPBroadcastConnectionError.swift; sourceTree = "<group>"; };
		4FAB0CC32360E144004C27C6 /* UDPBroadcast.h */ = {isa = PBXFileReference; fileEncoding = 4; lastKnownFileType = sourcecode.c.h; path = UDPBroadcast.h; sourceTree = "<group>"; };
		4FAB0CC42360E144004C27C6 /* UDPBroadcastConnection.swift */ = {isa = PBXFileReference; fileEncoding = 4; lastKnownFileType = sourcecode.swift; path = UDPBroadcastConnection.swift; sourceTree = "<group>"; };
		4FAB0CCC2360E165004C27C6 /* UDPBroadcastConnectionError.swift */ = {isa = PBXFileReference; fileEncoding = 4; lastKnownFileType = sourcecode.swift; path = UDPBroadcastConnectionError.swift; sourceTree = "<group>"; };
		4FAB0CCD2360E165004C27C6 /* UDPBroadcast.h */ = {isa = PBXFileReference; fileEncoding = 4; lastKnownFileType = sourcecode.c.h; path = UDPBroadcast.h; sourceTree = "<group>"; };
		4FAB0CCE2360E165004C27C6 /* UDPBroadcastConnection.swift */ = {isa = PBXFileReference; fileEncoding = 4; lastKnownFileType = sourcecode.swift; path = UDPBroadcastConnection.swift; sourceTree = "<group>"; };
		4FAB0CD12360E757004C27C6 /* Main_UDP.storyboard */ = {isa = PBXFileReference; fileEncoding = 4; lastKnownFileType = file.storyboard; path = Main_UDP.storyboard; sourceTree = "<group>"; };
		4FE869F123534CBB005A406D /* BTManager.swift */ = {isa = PBXFileReference; lastKnownFileType = sourcecode.swift; path = BTManager.swift; sourceTree = "<group>"; };
		4FE869F523534D14005A406D /* BTDevice.swift */ = {isa = PBXFileReference; fileEncoding = 4; lastKnownFileType = sourcecode.swift; path = BTDevice.swift; sourceTree = "<group>"; };
		4FE869F723534D34005A406D /* BTUUIDs.swift */ = {isa = PBXFileReference; fileEncoding = 4; lastKnownFileType = sourcecode.swift; path = BTUUIDs.swift; sourceTree = "<group>"; };
		4FE869F823534D34005A406D /* BTUtils.swift */ = {isa = PBXFileReference; fileEncoding = 4; lastKnownFileType = sourcecode.swift; path = BTUtils.swift; sourceTree = "<group>"; };
		EF140AE222C3E76C0079D5FD /* Base */ = {isa = PBXFileReference; lastKnownFileType = file.storyboard; name = Base; path = Base.lproj/Main.storyboard; sourceTree = "<group>"; };
		EF7009101C3ED07100E75ECF /* Voice_BLE_WiFi_Artnet.app */ = {isa = PBXFileReference; explicitFileType = wrapper.application; includeInIndex = 0; path = Voice_BLE_WiFi_Artnet.app; sourceTree = BUILT_PRODUCTS_DIR; };
		EF7009131C3ED07100E75ECF /* AppDelegate.swift */ = {isa = PBXFileReference; lastKnownFileType = sourcecode.swift; path = AppDelegate.swift; sourceTree = "<group>"; };
		EF7009151C3ED07100E75ECF /* SpectralViewController.swift */ = {isa = PBXFileReference; lastKnownFileType = sourcecode.swift; path = SpectralViewController.swift; sourceTree = "<group>"; };
		EF70091A1C3ED07100E75ECF /* Assets.xcassets */ = {isa = PBXFileReference; lastKnownFileType = folder.assetcatalog; path = Assets.xcassets; sourceTree = "<group>"; };
		EF70091D1C3ED07100E75ECF /* Base */ = {isa = PBXFileReference; lastKnownFileType = file.storyboard; name = Base; path = Base.lproj/LaunchScreen.storyboard; sourceTree = "<group>"; };
		EF70091F1C3ED07100E75ECF /* Info.plist */ = {isa = PBXFileReference; lastKnownFileType = text.plist.xml; path = Info.plist; sourceTree = "<group>"; };
		EF7009291C3EDFB900E75ECF /* TempiAudioInput.swift */ = {isa = PBXFileReference; fileEncoding = 4; lastKnownFileType = sourcecode.swift; path = TempiAudioInput.swift; sourceTree = "<group>"; };
		EF7916BD1C50AA9700658A2C /* SpectralView.swift */ = {isa = PBXFileReference; fileEncoding = 4; lastKnownFileType = sourcecode.swift; path = SpectralView.swift; sourceTree = "<group>"; };
		EFAC3F451C406DC5002CD63F /* TempiUtilities.swift */ = {isa = PBXFileReference; fileEncoding = 4; lastKnownFileType = sourcecode.swift; path = TempiUtilities.swift; sourceTree = "<group>"; };
		EFAC3F471C45C719002CD63F /* TempiFFT.swift */ = {isa = PBXFileReference; fileEncoding = 4; lastKnownFileType = sourcecode.swift; path = TempiFFT.swift; sourceTree = "<group>"; };
		EFAC3F4D1C4D7B76002CD63F /* TempiDebug.swift */ = {isa = PBXFileReference; fileEncoding = 4; lastKnownFileType = sourcecode.swift; path = TempiDebug.swift; sourceTree = "<group>"; };
		FE6379AE2354A0F9008AE659 /* FirstScreenVC.swift */ = {isa = PBXFileReference; lastKnownFileType = sourcecode.swift; path = FirstScreenVC.swift; sourceTree = "<group>"; };
		FE892D872355AA8E00518D56 /* DeviceVC.swift */ = {isa = PBXFileReference; fileEncoding = 4; lastKnownFileType = sourcecode.swift; path = DeviceVC.swift; sourceTree = "<group>"; };
		FE892D882355AA8E00518D56 /* NearbyDevicesVC.swift */ = {isa = PBXFileReference; fileEncoding = 4; lastKnownFileType = sourcecode.swift; path = NearbyDevicesVC.swift; sourceTree = "<group>"; };
		FE892D8B2355AA9D00518D56 /* Main_Bluetooth.storyboard */ = {isa = PBXFileReference; fileEncoding = 4; lastKnownFileType = file.storyboard; path = Main_Bluetooth.storyboard; sourceTree = "<group>"; };
		FE892D8D2355DAD400518D56 /* Constant.swift */ = {isa = PBXFileReference; fileEncoding = 4; lastKnownFileType = sourcecode.swift; path = Constant.swift; sourceTree = "<group>"; };
/* End PBXFileReference section */

/* Begin PBXFrameworksBuildPhase section */
		EF70090D1C3ED07100E75ECF /* Frameworks */ = {
			isa = PBXFrameworksBuildPhase;
			buildActionMask = 2147483647;
			files = (
			);
			runOnlyForDeploymentPostprocessing = 0;
		};
/* End PBXFrameworksBuildPhase section */

/* Begin PBXGroup section */
		4FAB0CBC2360E144004C27C6 /* UDPBroadcastExample */ = {
			isa = PBXGroup;
			children = (
				4FAB0CD12360E757004C27C6 /* Main_UDP.storyboard */,
				4FAB0CBD2360E144004C27C6 /* UDPViewController.swift */,
				4FAB0CBF2360E144004C27C6 /* Config.swift */,
			);
			path = UDPBroadcastExample;
			sourceTree = "<group>";
		};
		4FAB0CC12360E144004C27C6 /* UDPBroadcast */ = {
			isa = PBXGroup;
			children = (
				4FAB0CC22360E144004C27C6 /* UDPBroadcastConnectionError.swift */,
				4FAB0CC32360E144004C27C6 /* UDPBroadcast.h */,
				4FAB0CC42360E144004C27C6 /* UDPBroadcastConnection.swift */,
			);
			path = UDPBroadcast;
			sourceTree = "<group>";
		};
		4FAB0CCB2360E165004C27C6 /* UDPBroadcast */ = {
			isa = PBXGroup;
			children = (
				4FAB0CCC2360E165004C27C6 /* UDPBroadcastConnectionError.swift */,
				4FAB0CCD2360E165004C27C6 /* UDPBroadcast.h */,
				4FAB0CCE2360E165004C27C6 /* UDPBroadcastConnection.swift */,
			);
			path = UDPBroadcast;
			sourceTree = "<group>";
		};
		4FE869F023534C7B005A406D /* Bluetooth */ = {
			isa = PBXGroup;
			children = (
				FE892D862355AA7E00518D56 /* UI */,
				4FE869F123534CBB005A406D /* BTManager.swift */,
				4FE869F523534D14005A406D /* BTDevice.swift */,
				4FE869F823534D34005A406D /* BTUtils.swift */,
				4FE869F723534D34005A406D /* BTUUIDs.swift */,
			);
			path = Bluetooth;
			sourceTree = "<group>";
		};
		EF7009071C3ED07100E75ECF = {
			isa = PBXGroup;
			children = (
				4FAB0CC12360E144004C27C6 /* UDPBroadcast */,
				4FAB0CCB2360E165004C27C6 /* UDPBroadcast */,
				4FAB0CBC2360E144004C27C6 /* UDPBroadcastExample */,
				4FE869F023534C7B005A406D /* Bluetooth */,
				EF7009121C3ED07100E75ECF /* TempiFFT */,
				EF7009111C3ED07100E75ECF /* Products */,
			);
			sourceTree = "<group>";
		};
		EF7009111C3ED07100E75ECF /* Products */ = {
			isa = PBXGroup;
			children = (
				EF7009101C3ED07100E75ECF /* Voice_BLE_WiFi_Artnet.app */,
			);
			name = Products;
			sourceTree = "<group>";
		};
		EF7009121C3ED07100E75ECF /* TempiFFT */ = {
			isa = PBXGroup;
			children = (
				FE892D8D2355DAD400518D56 /* Constant.swift */,
				EF7009131C3ED07100E75ECF /* AppDelegate.swift */,
				EF7009291C3EDFB900E75ECF /* TempiAudioInput.swift */,
				EF7916BD1C50AA9700658A2C /* SpectralView.swift */,
				EFAC3F471C45C719002CD63F /* TempiFFT.swift */,
				EFAC3F451C406DC5002CD63F /* TempiUtilities.swift */,
				EFAC3F4D1C4D7B76002CD63F /* TempiDebug.swift */,
				EF70091A1C3ED07100E75ECF /* Assets.xcassets */,
				EF7009151C3ED07100E75ECF /* SpectralViewController.swift */,
				EF140AE322C3E76C0079D5FD /* Main.storyboard */,
				EF70091C1C3ED07100E75ECF /* LaunchScreen.storyboard */,
				EF70091F1C3ED07100E75ECF /* Info.plist */,
				FE6379AE2354A0F9008AE659 /* FirstScreenVC.swift */,
			);
			path = TempiFFT;
			sourceTree = "<group>";
		};
		FE892D862355AA7E00518D56 /* UI */ = {
			isa = PBXGroup;
			children = (
				FE892D8B2355AA9D00518D56 /* Main_Bluetooth.storyboard */,
				FE892D882355AA8E00518D56 /* NearbyDevicesVC.swift */,
				FE892D872355AA8E00518D56 /* DeviceVC.swift */,
			);
			path = UI;
			sourceTree = "<group>";
		};
/* End PBXGroup section */

/* Begin PBXNativeTarget section */
		EF70090F1C3ED07100E75ECF /* Voice_BLE_WiFi_Artnet */ = {
			isa = PBXNativeTarget;
			buildConfigurationList = EF7009221C3ED07100E75ECF /* Build configuration list for PBXNativeTarget "Voice_BLE_WiFi_Artnet" */;
			buildPhases = (
				EF70090C1C3ED07100E75ECF /* Sources */,
				EF70090D1C3ED07100E75ECF /* Frameworks */,
				EF70090E1C3ED07100E75ECF /* Resources */,
			);
			buildRules = (
			);
			dependencies = (
			);
			name = Voice_BLE_WiFi_Artnet;
			productName = TempiHarness;
			productReference = EF7009101C3ED07100E75ECF /* Voice_BLE_WiFi_Artnet.app */;
			productType = "com.apple.product-type.application";
		};
/* End PBXNativeTarget section */

/* Begin PBXProject section */
		EF7009081C3ED07100E75ECF /* Project object */ = {
			isa = PBXProject;
			attributes = {
				LastSwiftUpdateCheck = 0720;
				LastUpgradeCheck = 1020;
				ORGANIZATIONNAME = "John Scalo";
				TargetAttributes = {
					EF70090F1C3ED07100E75ECF = {
						CreatedOnToolsVersion = 7.2;
						DevelopmentTeam = 4U5H83GKN7;
						LastSwiftMigration = 1020;
						ProvisioningStyle = Automatic;
					};
				};
			};
			buildConfigurationList = EF70090B1C3ED07100E75ECF /* Build configuration list for PBXProject "Voice_BLE_WiFi_Artnet" */;
			compatibilityVersion = "Xcode 3.2";
			developmentRegion = en;
			hasScannedForEncodings = 0;
			knownRegions = (
				en,
				Base,
			);
			mainGroup = EF7009071C3ED07100E75ECF;
			productRefGroup = EF7009111C3ED07100E75ECF /* Products */;
			projectDirPath = "";
			projectRoot = "";
			targets = (
				EF70090F1C3ED07100E75ECF /* Voice_BLE_WiFi_Artnet */,
			);
		};
/* End PBXProject section */

/* Begin PBXResourcesBuildPhase section */
		EF70090E1C3ED07100E75ECF /* Resources */ = {
			isa = PBXResourcesBuildPhase;
			buildActionMask = 2147483647;
			files = (
				EF140AE122C3E76C0079D5FD /* Main.storyboard in Resources */,
				4FAB0CD22360E757004C27C6 /* Main_UDP.storyboard in Resources */,
				EF70091E1C3ED07100E75ECF /* LaunchScreen.storyboard in Resources */,
				EF70091B1C3ED07100E75ECF /* Assets.xcassets in Resources */,
				FE892D8C2355AA9D00518D56 /* Main_Bluetooth.storyboard in Resources */,
			);
			runOnlyForDeploymentPostprocessing = 0;
		};
/* End PBXResourcesBuildPhase section */

/* Begin PBXSourcesBuildPhase section */
		EF70090C1C3ED07100E75ECF /* Sources */ = {
			isa = PBXSourcesBuildPhase;
			buildActionMask = 2147483647;
			files = (
				4FE869F923534D34005A406D /* BTUUIDs.swift in Sources */,
				4FE869FA23534D34005A406D /* BTUtils.swift in Sources */,
				4FAB0CCF2360E165004C27C6 /* UDPBroadcastConnectionError.swift in Sources */,
				FE892D8E2355DAD400518D56 /* Constant.swift in Sources */,
				FE892D892355AA8E00518D56 /* DeviceVC.swift in Sources */,
				4FAB0CC72360E144004C27C6 /* Config.swift in Sources */,
				EF7916BE1C50AA9700658A2C /* SpectralView.swift in Sources */,
				4FE869F623534D14005A406D /* BTDevice.swift in Sources */,
				EFAC3F4E1C4D7B76002CD63F /* TempiDebug.swift in Sources */,
				EF7009161C3ED07100E75ECF /* SpectralViewController.swift in Sources */,
				EF70092A1C3EDFB900E75ECF /* TempiAudioInput.swift in Sources */,
				4FAB0CC92360E144004C27C6 /* UDPBroadcastConnectionError.swift in Sources */,
				EFAC3F461C406DC5002CD63F /* TempiUtilities.swift in Sources */,
				4FE869F223534CBB005A406D /* BTManager.swift in Sources */,
				FE6379AF2354A0F9008AE659 /* FirstScreenVC.swift in Sources */,
				4FAB0CCA2360E144004C27C6 /* UDPBroadcastConnection.swift in Sources */,
				FE892D8A2355AA8E00518D56 /* NearbyDevicesVC.swift in Sources */,
				4FAB0CD02360E165004C27C6 /* UDPBroadcastConnection.swift in Sources */,
				EFAC3F481C45C719002CD63F /* TempiFFT.swift in Sources */,
				4FAB0CC52360E144004C27C6 /* UDPViewController.swift in Sources */,
				EF7009141C3ED07100E75ECF /* AppDelegate.swift in Sources */,
			);
			runOnlyForDeploymentPostprocessing = 0;
		};
/* End PBXSourcesBuildPhase section */

/* Begin PBXVariantGroup section */
		EF140AE322C3E76C0079D5FD /* Main.storyboard */ = {
			isa = PBXVariantGroup;
			children = (
				EF140AE222C3E76C0079D5FD /* Base */,
			);
			name = Main.storyboard;
			sourceTree = "<group>";
		};
		EF70091C1C3ED07100E75ECF /* LaunchScreen.storyboard */ = {
			isa = PBXVariantGroup;
			children = (
				EF70091D1C3ED07100E75ECF /* Base */,
			);
			name = LaunchScreen.storyboard;
			sourceTree = "<group>";
		};
/* End PBXVariantGroup section */

/* Begin XCBuildConfiguration section */
		EF7009201C3ED07100E75ECF /* Debug */ = {
			isa = XCBuildConfiguration;
			buildSettings = {
				ALWAYS_SEARCH_USER_PATHS = NO;
				CLANG_CXX_LANGUAGE_STANDARD = "gnu++0x";
				CLANG_CXX_LIBRARY = "libc++";
				CLANG_ENABLE_MODULES = YES;
				CLANG_ENABLE_OBJC_ARC = YES;
				CLANG_WARN_BLOCK_CAPTURE_AUTORELEASING = YES;
				CLANG_WARN_BOOL_CONVERSION = YES;
				CLANG_WARN_COMMA = YES;
				CLANG_WARN_CONSTANT_CONVERSION = YES;
				CLANG_WARN_DEPRECATED_OBJC_IMPLEMENTATIONS = YES;
				CLANG_WARN_DIRECT_OBJC_ISA_USAGE = YES_ERROR;
				CLANG_WARN_EMPTY_BODY = YES;
				CLANG_WARN_ENUM_CONVERSION = YES;
				CLANG_WARN_INFINITE_RECURSION = YES;
				CLANG_WARN_INT_CONVERSION = YES;
				CLANG_WARN_NON_LITERAL_NULL_CONVERSION = YES;
				CLANG_WARN_OBJC_IMPLICIT_RETAIN_SELF = YES;
				CLANG_WARN_OBJC_LITERAL_CONVERSION = YES;
				CLANG_WARN_OBJC_ROOT_CLASS = YES_ERROR;
				CLANG_WARN_RANGE_LOOP_ANALYSIS = YES;
				CLANG_WARN_STRICT_PROTOTYPES = YES;
				CLANG_WARN_SUSPICIOUS_MOVE = YES;
				CLANG_WARN_UNREACHABLE_CODE = YES;
				CLANG_WARN__DUPLICATE_METHOD_MATCH = YES;
				"CODE_SIGN_IDENTITY[sdk=iphoneos*]" = "iPhone Developer";
				COPY_PHASE_STRIP = NO;
				DEBUG_INFORMATION_FORMAT = dwarf;
				ENABLE_STRICT_OBJC_MSGSEND = YES;
				ENABLE_TESTABILITY = YES;
				GCC_C_LANGUAGE_STANDARD = gnu99;
				GCC_DYNAMIC_NO_PIC = NO;
				GCC_NO_COMMON_BLOCKS = YES;
				GCC_OPTIMIZATION_LEVEL = 0;
				GCC_PREPROCESSOR_DEFINITIONS = (
					"DEBUG=1",
					"$(inherited)",
				);
				GCC_WARN_64_TO_32_BIT_CONVERSION = YES;
				GCC_WARN_ABOUT_RETURN_TYPE = YES_ERROR;
				GCC_WARN_UNDECLARED_SELECTOR = YES;
				GCC_WARN_UNINITIALIZED_AUTOS = YES_AGGRESSIVE;
				GCC_WARN_UNUSED_FUNCTION = YES;
				GCC_WARN_UNUSED_VARIABLE = YES;
				IPHONEOS_DEPLOYMENT_TARGET = 11.4;
				MTL_ENABLE_DEBUG_INFO = YES;
				ONLY_ACTIVE_ARCH = YES;
				SDKROOT = iphoneos;
				SWIFT_OPTIMIZATION_LEVEL = "-Onone";
			};
			name = Debug;
		};
		EF7009211C3ED07100E75ECF /* Release */ = {
			isa = XCBuildConfiguration;
			buildSettings = {
				ALWAYS_SEARCH_USER_PATHS = NO;
				CLANG_CXX_LANGUAGE_STANDARD = "gnu++0x";
				CLANG_CXX_LIBRARY = "libc++";
				CLANG_ENABLE_MODULES = YES;
				CLANG_ENABLE_OBJC_ARC = YES;
				CLANG_WARN_BLOCK_CAPTURE_AUTORELEASING = YES;
				CLANG_WARN_BOOL_CONVERSION = YES;
				CLANG_WARN_COMMA = YES;
				CLANG_WARN_CONSTANT_CONVERSION = YES;
				CLANG_WARN_DEPRECATED_OBJC_IMPLEMENTATIONS = YES;
				CLANG_WARN_DIRECT_OBJC_ISA_USAGE = YES_ERROR;
				CLANG_WARN_EMPTY_BODY = YES;
				CLANG_WARN_ENUM_CONVERSION = YES;
				CLANG_WARN_INFINITE_RECURSION = YES;
				CLANG_WARN_INT_CONVERSION = YES;
				CLANG_WARN_NON_LITERAL_NULL_CONVERSION = YES;
				CLANG_WARN_OBJC_IMPLICIT_RETAIN_SELF = YES;
				CLANG_WARN_OBJC_LITERAL_CONVERSION = YES;
				CLANG_WARN_OBJC_ROOT_CLASS = YES_ERROR;
				CLANG_WARN_RANGE_LOOP_ANALYSIS = YES;
				CLANG_WARN_STRICT_PROTOTYPES = YES;
				CLANG_WARN_SUSPICIOUS_MOVE = YES;
				CLANG_WARN_UNREACHABLE_CODE = YES;
				CLANG_WARN__DUPLICATE_METHOD_MATCH = YES;
				"CODE_SIGN_IDENTITY[sdk=iphoneos*]" = "iPhone Developer";
				COPY_PHASE_STRIP = NO;
				DEBUG_INFORMATION_FORMAT = "dwarf-with-dsym";
				ENABLE_NS_ASSERTIONS = NO;
				ENABLE_STRICT_OBJC_MSGSEND = YES;
				GCC_C_LANGUAGE_STANDARD = gnu99;
				GCC_NO_COMMON_BLOCKS = YES;
				GCC_WARN_64_TO_32_BIT_CONVERSION = YES;
				GCC_WARN_ABOUT_RETURN_TYPE = YES_ERROR;
				GCC_WARN_UNDECLARED_SELECTOR = YES;
				GCC_WARN_UNINITIALIZED_AUTOS = YES_AGGRESSIVE;
				GCC_WARN_UNUSED_FUNCTION = YES;
				GCC_WARN_UNUSED_VARIABLE = YES;
				IPHONEOS_DEPLOYMENT_TARGET = 11.4;
				MTL_ENABLE_DEBUG_INFO = NO;
				SDKROOT = iphoneos;
				SWIFT_OPTIMIZATION_LEVEL = "-Owholemodule";
				VALIDATE_PRODUCT = YES;
			};
			name = Release;
		};
		EF7009231C3ED07100E75ECF /* Debug */ = {
			isa = XCBuildConfiguration;
			buildSettings = {
				ASSETCATALOG_COMPILER_APPICON_NAME = AppIcon;
				CODE_SIGN_IDENTITY = "iPhone Developer";
				CODE_SIGN_STYLE = Automatic;
				DEVELOPMENT_TEAM = 4U5H83GKN7;
				INFOPLIST_FILE = TempiFFT/Info.plist;
				IPHONEOS_DEPLOYMENT_TARGET = 10.0;
				LD_RUNPATH_SEARCH_PATHS = "$(inherited) @executable_path/Frameworks";
				PRODUCT_BUNDLE_IDENTIFIER = de.hmbtec;
				PRODUCT_NAME = "$(TARGET_NAME)";
				PROVISIONING_PROFILE_SPECIFIER = "";
				SWIFT_VERSION = 5.0;
			};
			name = Debug;
		};
		EF7009241C3ED07100E75ECF /* Release */ = {
			isa = XCBuildConfiguration;
			buildSettings = {
				ASSETCATALOG_COMPILER_APPICON_NAME = AppIcon;
				CODE_SIGN_IDENTITY = "iPhone Developer";
				CODE_SIGN_STYLE = Automatic;
				DEVELOPMENT_TEAM = 4U5H83GKN7;
				INFOPLIST_FILE = TempiFFT/Info.plist;
				IPHONEOS_DEPLOYMENT_TARGET = 10.0;
				LD_RUNPATH_SEARCH_PATHS = "$(inherited) @executable_path/Frameworks";
				PRODUCT_BUNDLE_IDENTIFIER = de.hmbtec;
				PRODUCT_NAME = "$(TARGET_NAME)";
				PROVISIONING_PROFILE_SPECIFIER = "";
				SWIFT_VERSION = 5.0;
			};
			name = Release;
		};
/* End XCBuildConfiguration section */

/* Begin XCConfigurationList section */
		EF70090B1C3ED07100E75ECF /* Build configuration list for PBXProject "Voice_BLE_WiFi_Artnet" */ = {
			isa = XCConfigurationList;
			buildConfigurations = (
				EF7009201C3ED07100E75ECF /* Debug */,
				EF7009211C3ED07100E75ECF /* Release */,
			);
			defaultConfigurationIsVisible = 0;
			defaultConfigurationName = Release;
		};
		EF7009221C3ED07100E75ECF /* Build configuration list for PBXNativeTarget "Voice_BLE_WiFi_Artnet" */ = {
			isa = XCConfigurationList;
			buildConfigurations = (
				EF7009231C3ED07100E75ECF /* Debug */,
				EF7009241C3ED07100E75ECF /* Release */,
			);
			defaultConfigurationIsVisible = 0;
			defaultConfigurationName = Release;
		};
/* End XCConfigurationList section */
	};
	rootObject = EF7009081C3ED07100E75ECF /* Project object */;
}
